# Generated for the release control plane. Every direct and transitive package
# is exact and hash-locked so a later registry upload cannot change a release.
boto3==1.42.97 \
    --hash=sha256:966e49f0510af9a64057a902b7df53d4348c447de0d3df4cc855dfd85e058fcd
botocore==1.42.97 \
    --hash=sha256:77d2c8ce1bc592d3fbd7c01c35836f4a5b0cac2ca03ccdf6ffc60faa16b5fadc
jmespath==1.1.0 \
    --hash=sha256:a5663118de4908c91729bea0acadca56526eb2698e83de10cd116ae0f4e97c64
python-dateutil==2.9.0.post0 \
    --hash=sha256:a8b2bc7bffae282281c8140a97d3aa9c14da0b136dfe83f850eea9a5f7470427
s3transfer==0.16.1 \
    --hash=sha256:61bcd00ccb83b21a0fe7e91a553fff9729d46c83b4e0106e7c314a733891f7c2
six==1.17.0 \
    --hash=sha256:4721f391ed90541fddacab5acf947aa0d3dc7d27b2e1e8eda2be8970586c3274
urllib3==1.26.20 \
    --hash=sha256:0ed14ccfbf1c30a9072c7ca157e4319b70d65f623e91e7b32fadb2853431016e
